{
  "nodes": {
    "brew-src": {
      "flake": false,
      "locked": {
        "lastModified": 1705326576,
        "narHash": "sha256-9PvMgHgdbpb5vBO8fHCRufodR731ynzGMF9+68vKWck=",
        "owner": "Homebrew",
        "repo": "brew",
        "rev": "1c612baa096c69f2fcb221c74e6f5b9979efdcee",
        "type": "github"
      },
      "original": {
        "owner": "Homebrew",
        "ref": "4.2.4",
        "repo": "brew",
        "type": "github"
      }
    },
    "disko": {
      "inputs": {
        "nixpkgs": [
          "nixpkgs"
        ]
      },
      "locked": {
        "lastModified": 1709599612,
        "narHash": "sha256-3fCm3BIc2iva90E/lbkkt+fPXkZr9pnC7tJk3QPOf7Q=",
        "owner": "nix-community",
        "repo": "disko",
        "rev": "c54e7e2b2b7e394440be36305a8fdeeba6339712",
        "type": "github"
      },
      "original": {
        "owner": "nix-community",
        "repo": "disko",
        "type": "github"
      }
    },
    "flake-utils": {
      "inputs": {
        "systems": "systems"
      },
      "locked": {
        "lastModified": 1687709756,
        "narHash": "sha256-Y5wKlQSkgEK2weWdOu4J3riRd+kV/VCgHsqLNTTWQ/0=",
        "owner": "numtide",
        "repo": "flake-utils",
        "rev": "dbabf0ca0c0c4bce6ea5eaf65af5cb694d2082c7",
        "type": "github"
      },
      "original": {
        "owner": "numtide",
        "repo": "flake-utils",
        "type": "github"
      }
    },
    "genebean-omp-themes": {
      "flake": false,
      "locked": {
        "lastModified": 1694629194,
        "narHash": "sha256-k1HqpsW5buBGe3rgugQvoKw5nPu/zBWiT8blb5eHc0w=",
        "owner": "genebean",
        "repo": "my-oh-my-posh-themes",
        "rev": "eb6ba507c2f37accc926c65bac1b88293a71eb9c",
        "type": "github"
      },
      "original": {
        "owner": "genebean",
        "repo": "my-oh-my-posh-themes",
        "type": "github"
      }
    },
    "home-manager": {
      "inputs": {
        "nixpkgs": [
          "nixpkgs"
        ]
      },
      "locked": {
        "lastModified": 1706981411,
        "narHash": "sha256-cLbLPTL1CDmETVh4p0nQtvoF+FSEjsnJTFpTxhXywhQ=",
        "owner": "nix-community",
        "repo": "home-manager",
        "rev": "652fda4ca6dafeb090943422c34ae9145787af37",
        "type": "github"
      },
      "original": {
        "owner": "nix-community",
        "ref": "release-23.11",
        "repo": "home-manager",
        "type": "github"
      }
    },
    "nix-darwin": {
      "inputs": {
        "nixpkgs": [
          "nixpkgs"
        ]
      },
      "locked": {
        "lastModified": 1709554374,
        "narHash": "sha256-1yYgwxBzia+QrOaQaZ6YKqGFfiQcSBwYLzd9XRsRLQY=",
        "owner": "lnl7",
        "repo": "nix-darwin",
        "rev": "daa03606dfb5296a22e842acb02b46c1c4e9f5e7",
        "type": "github"
      },
      "original": {
        "owner": "lnl7",
        "repo": "nix-darwin",
        "type": "github"
      }
    },
    "nix-darwin_2": {
      "inputs": {
        "nixpkgs": "nixpkgs"
      },
      "locked": {
        "lastModified": 1688307440,
        "narHash": "sha256-7PTjbN+/+b799YN7Tk2SS5Vh8A0L3gBo8hmB7Y0VXug=",
        "owner": "LnL7",
        "repo": "nix-darwin",
        "rev": "b06bab83bdf285ea0ae3c8e145a081eb95959047",
        "type": "github"
      },
      "original": {
        "owner": "LnL7",
        "repo": "nix-darwin",
        "type": "github"
      }
    },
    "nix-flatpak": {
      "locked": {
        "lastModified": 1708781964,
        "narHash": "sha256-qbEZgB1mNuMADLmM64EtcRjDHXR3UFL4xVmoanv9wZU=",
        "owner": "gmodena",
        "repo": "nix-flatpak",
        "rev": "09d07c73b4d9771f527a168e0b1b6d8a1f39de28",
        "type": "github"
      },
      "original": {
        "owner": "gmodena",
        "repo": "nix-flatpak",
        "type": "github"
      }
    },
    "nix-homebrew": {
      "inputs": {
        "brew-src": "brew-src",
        "flake-utils": "flake-utils",
        "nix-darwin": "nix-darwin_2",
        "nixpkgs": "nixpkgs_2"
      },
      "locked": {
        "lastModified": 1705952034,
        "narHash": "sha256-H0nk8Gk8kPw4yi2WwOTsSHgPrzSwyNgWEYHk10IJwfc=",
        "owner": "zhaofengli-wip",
        "repo": "nix-homebrew",
        "rev": "40f5ee46b58e7c5f1927e2c5a583dc3d7e571ed9",
        "type": "github"
      },
      "original": {
        "owner": "zhaofengli-wip",
        "repo": "nix-homebrew",
        "type": "github"
      }
    },
    "nixpkgs": {
      "locked": {
        "lastModified": 1687274257,
        "narHash": "sha256-TutzPriQcZ8FghDhEolnHcYU2oHIG5XWF+/SUBNnAOE=",
        "path": "/nix/store/22qgs3skscd9bmrxv9xv4q5d4wwm5ppx-source",
        "rev": "2c9ecd1f0400076a4d6b2193ad468ff0a7e7fdc5",
        "type": "path"
      },
      "original": {
        "id": "nixpkgs",
        "type": "indirect"
      }
    },
    "nixpkgs-stable": {
      "locked": {
        "lastModified": 1709428628,
        "narHash": "sha256-//ZCCnpVai/ShtO2vPjh3AWgo8riXCaret6V9s7Hew4=",
        "owner": "NixOS",
        "repo": "nixpkgs",
        "rev": "66d65cb00b82ffa04ee03347595aa20e41fe3555",
        "type": "github"
      },
      "original": {
        "owner": "NixOS",
        "ref": "release-23.11",
        "repo": "nixpkgs",
        "type": "github"
      }
    },
    "nixpkgs-unstable": {
      "locked": {
        "lastModified": 1709386671,
        "narHash": "sha256-VPqfBnIJ+cfa78pd4Y5Cr6sOWVW8GYHRVucxJGmRf8Q=",
        "owner": "nixos",
        "repo": "nixpkgs",
        "rev": "fa9a51752f1b5de583ad5213eb621be071806663",
        "type": "github"
      },
      "original": {
        "owner": "nixos",
        "ref": "nixpkgs-unstable",
        "repo": "nixpkgs",
        "type": "github"
      }
    },
    "nixpkgs_2": {
      "locked": {
        "lastModified": 1688049487,
        "narHash": "sha256-100g4iaKC9MalDjUW9iN6Jl/OocTDtXdeAj7pEGIRh4=",
        "owner": "NixOS",
        "repo": "nixpkgs",
        "rev": "4bc72cae107788bf3f24f30db2e2f685c9298dc9",
        "type": "github"
      },
      "original": {
        "owner": "NixOS",
        "ref": "nixos-unstable",
        "repo": "nixpkgs",
        "type": "github"
      }
    },
    "nixpkgs_3": {
      "locked": {
        "lastModified": 1709591591,
        "narHash": "sha256-wj8F+FHHmVuhAfD6fJ8MA8//3NiRO+8sRFe3Z9Ri4l0=",
        "owner": "nixos",
        "repo": "nixpkgs",
        "rev": "d073ef74d56480c6dd721d11e25159b7a75b2bf6",
        "type": "github"
      },
      "original": {
        "owner": "nixos",
        "ref": "release-23.11",
        "repo": "nixpkgs",
        "type": "github"
      }
    },
    "root": {
      "inputs": {
        "disko": "disko",
        "genebean-omp-themes": "genebean-omp-themes",
        "home-manager": "home-manager",
        "nix-darwin": "nix-darwin",
        "nix-flatpak": "nix-flatpak",
        "nix-homebrew": "nix-homebrew",
        "nixpkgs": "nixpkgs_3",
        "nixpkgs-unstable": "nixpkgs-unstable",
        "sops-nix": "sops-nix"
      }
    },
    "sops-nix": {
      "inputs": {
        "nixpkgs": [
          "nixpkgs"
        ],
        "nixpkgs-stable": "nixpkgs-stable"
      },
      "locked": {
        "lastModified": 1709591996,
        "narHash": "sha256-0sQcalXSgqlO6mnxBTXkSQChBHy2GQsokB1XY8r+LpQ=",
        "owner": "mic92",
        "repo": "sops-nix",
        "rev": "291aad29b59ceda517a06e59809f35cb0bb17c6b",
        "type": "github"
      },
      "original": {
        "owner": "mic92",
        "repo": "sops-nix",
        "type": "github"
      }
    },
    "systems": {
      "locked": {
        "lastModified": 1681028828,
        "narHash": "sha256-Vy1rq5AaRuLzOxct8nz4T6wlgyUR7zLU309k9mBC768=",
        "owner": "nix-systems",
        "repo": "default",
        "rev": "da67096a3b9bf56a91d16901293e51ba5b49a27e",
        "type": "github"
      },
      "original": {
        "owner": "nix-systems",
        "repo": "default",
        "type": "github"
      }
    }
  },
  "root": "root",
  "version": 7
}
