name: Update flake.lock

on:
  schedule:
    # Friday morning, after Thursday's Renovate window.
    - cron: "0 10 * * 5"
  workflow_dispatch:

jobs:
  update:
    uses: genebean/.github/.github/workflows/update-flake-lock.yml@main
    secrets:
      token: ${{ secrets.CI_FLAKE_UPDATES }}
      nix_access_token: ${{ secrets.CI_PRIVATE_FLAKE_READ }}
