name: Update flake.lock

on:
  schedule:
    # Weekly on Thursday at 06:00 UTC — keeps inputs fresh without noise
    - cron: "0 6 * * 4"
  workflow_dispatch:

jobs:
  update:
    name: bump flake.lock
    runs-on: ubuntu-latest
    permissions:
      contents: write
      pull-requests: write
    steps:
      - uses: actions/checkout@v6
      - uses: DeterminateSystems/nix-installer-action@v22
      - uses: DeterminateSystems/magic-nix-cache-action@v14
      - uses: DeterminateSystems/update-flake-lock@v28
        with:
          pr-title: "chore: update flake.lock"
          pr-labels: "dependencies,nix"
          commit-msg: "chore: update flake.lock"
          # Sign commits so they pass any branch-protection signature requirements
          sign-commits: true
